// !$*UTF8*$!
{
	archiveVersion = 1;
	classes = {
	};
	objectVersion = 45;
	objects = {

/* Begin PBXBuildFile section */
		1D3623260D0F684500981E51 /* iPhoneDriverAppDelegate.m in Sources */ = {isa = PBXBuildFile; fileRef = 1D3623250D0F684500981E51 /* iPhoneDriverAppDelegate.m */; };
		1D60589B0D05DD56006BFB54 /* main.m in Sources */ = {isa = PBXBuildFile; fileRef = 29B97316FDCFA39411CA2CEA /* main.m */; };
		1D60589F0D05DD5A006BFB54 /* Foundation.framework in Frameworks */ = {isa = PBXBuildFile; fileRef = 1D30AB110D05D00D00671497 /* Foundation.framework */; };
		1DF5F4E00D08C38300B7A737 /* UIKit.framework in Frameworks */ = {isa = PBXBuildFile; fileRef = 1DF5F4DF0D08C38300B7A737 /* UIKit.framework */; };
		2899E5220DE3E06400AC0155 /* iPhoneDriverViewController.xib in Resources */ = {isa = PBXBuildFile; fileRef = 2899E5210DE3E06400AC0155 /* iPhoneDriverViewController.xib */; };
		28AD733F0D9D9553002E5188 /* MainWindow.xib in Resources */ = {isa = PBXBuildFile; fileRef = 28AD733E0D9D9553002E5188 /* MainWindow.xib */; };
		28D7ACF80DDB3853001CB0EB /* iPhoneDriverViewController.m in Sources */ = {isa = PBXBuildFile; fileRef = 28D7ACF70DDB3853001CB0EB /* iPhoneDriverViewController.m */; };
		6400D31A123B20A20079EB6B /* AVFoundation.framework in Frameworks */ = {isa = PBXBuildFile; fileRef = 6400D319123B20A20079EB6B /* AVFoundation.framework */; };
		6400D34F123B22300079EB6B /* CoreVideo.framework in Frameworks */ = {isa = PBXBuildFile; fileRef = 6400D34E123B22300079EB6B /* CoreVideo.framework */; };
		6400D355123B223C0079EB6B /* CoreMedia.framework in Frameworks */ = {isa = PBXBuildFile; fileRef = 6400D354123B223C0079EB6B /* CoreMedia.framework */; };
		6400D3EA123B2DB00079EB6B /* libcv.a in Frameworks */ = {isa = PBXBuildFile; fileRef = 6400D3E9123B2DAF0079EB6B /* libcv.a */; };
		6400D3ED123B2DBF0079EB6B /* libcxcore.a in Frameworks */ = {isa = PBXBuildFile; fileRef = 6400D3EB123B2DBF0079EB6B /* libcxcore.a */; };
		6400D3EE123B2DBF0079EB6B /* libopencv_lapack.a in Frameworks */ = {isa = PBXBuildFile; fileRef = 6400D3EC123B2DBF0079EB6B /* libopencv_lapack.a */; };
		6400D3F6123B2FDD0079EB6B /* haarcascade_frontalface_default.xml in Resources */ = {isa = PBXBuildFile; fileRef = 6400D3F5123B2FDD0079EB6B /* haarcascade_frontalface_default.xml */; };
		6400D441123B38AA0079EB6B /* haarcascade_frontalface_alt_tree.xml in Resources */ = {isa = PBXBuildFile; fileRef = 6400D43E123B38AA0079EB6B /* haarcascade_frontalface_alt_tree.xml */; };
		6400D442123B38AA0079EB6B /* haarcascade_frontalface_alt.xml in Resources */ = {isa = PBXBuildFile; fileRef = 6400D43F123B38AA0079EB6B /* haarcascade_frontalface_alt.xml */; };
		6400D443123B38AA0079EB6B /* haarcascade_frontalface_alt2.xml in Resources */ = {isa = PBXBuildFile; fileRef = 6400D440123B38AA0079EB6B /* haarcascade_frontalface_alt2.xml */; };
		6400D4AC123B41E10079EB6B /* QuartzCore.framework in Frameworks */ = {isa = PBXBuildFile; fileRef = 6400D4AB123B41E10079EB6B /* QuartzCore.framework */; };
		6400D4B2123B41F40079EB6B /* CoreGraphics.framework in Frameworks */ = {isa = PBXBuildFile; fileRef = 6400D4B1123B41F40079EB6B /* CoreGraphics.framework */; };
/* End PBXBuildFile section */

/* Begin PBXFileReference section */
		1D30AB110D05D00D00671497 /* Foundation.framework */ = {isa = PBXFileReference; lastKnownFileType = wrapper.framework; name = Foundation.framework; path = System/Library/Frameworks/Foundation.framework; sourceTree = SDKROOT; };
		1D3623240D0F684500981E51 /* iPhoneDriverAppDelegate.h */ = {isa = PBXFileReference; fileEncoding = 4; lastKnownFileType = sourcecode.c.h; path = iPhoneDriverAppDelegate.h; sourceTree = "<group>"; };
		1D3623250D0F684500981E51 /* iPhoneDriverAppDelegate.m */ = {isa = PBXFileReference; fileEncoding = 4; lastKnownFileType = sourcecode.c.objc; path = iPhoneDriverAppDelegate.m; sourceTree = "<group>"; };
		1D6058910D05DD3D006BFB54 /* iPhoneDriver.app */ = {isa = PBXFileReference; explicitFileType = wrapper.application; includeInIndex = 0; path = iPhoneDriver.app; sourceTree = BUILT_PRODUCTS_DIR; };
		1DF5F4DF0D08C38300B7A737 /* UIKit.framework */ = {isa = PBXFileReference; lastKnownFileType = wrapper.framework; name = UIKit.framework; path = System/Library/Frameworks/UIKit.framework; sourceTree = SDKROOT; };
		2899E5210DE3E06400AC0155 /* iPhoneDriverViewController.xib */ = {isa = PBXFileReference; lastKnownFileType = file.xib; name = iPhoneDriverViewController.xib; path = ../iPhoneDriverViewController.xib; sourceTree = "<group>"; };
		28AD733E0D9D9553002E5188 /* MainWindow.xib */ = {isa = PBXFileReference; lastKnownFileType = file.xib; path = MainWindow.xib; sourceTree = "<group>"; };
		28D7ACF60DDB3853001CB0EB /* iPhoneDriverViewController.h */ = {isa = PBXFileReference; fileEncoding = 4; lastKnownFileType = sourcecode.c.h; path = iPhoneDriverViewController.h; sourceTree = "<group>"; };
		28D7ACF70DDB3853001CB0EB /* iPhoneDriverViewController.m */ = {isa = PBXFileReference; fileEncoding = 4; lastKnownFileType = sourcecode.c.objc; path = iPhoneDriverViewController.m; sourceTree = "<group>"; };
		29B97316FDCFA39411CA2CEA /* main.m */ = {isa = PBXFileReference; fileEncoding = 4; lastKnownFileType = sourcecode.c.objc; path = main.m; sourceTree = "<group>"; };
		32CA4F630368D1EE00C91783 /* iPhoneDriver_Prefix.pch */ = {isa = PBXFileReference; fileEncoding = 4; lastKnownFileType = sourcecode.c.h; path = iPhoneDriver_Prefix.pch; sourceTree = "<group>"; };
		6400D319123B20A20079EB6B /* AVFoundation.framework */ = {isa = PBXFileReference; lastKnownFileType = wrapper.framework; name = AVFoundation.framework; path = System/Library/Frameworks/AVFoundation.framework; sourceTree = SDKROOT; };
		6400D34E123B22300079EB6B /* CoreVideo.framework */ = {isa = PBXFileReference; lastKnownFileType = wrapper.framework; name = CoreVideo.framework; path = System/Library/Frameworks/CoreVideo.framework; sourceTree = SDKROOT; };
		6400D354123B223C0079EB6B /* CoreMedia.framework */ = {isa = PBXFileReference; lastKnownFileType = wrapper.framework; name = CoreMedia.framework; path = System/Library/Frameworks/CoreMedia.framework; sourceTree = SDKROOT; };
		6400D3E9123B2DAF0079EB6B /* libcv.a */ = {isa = PBXFileReference; lastKnownFileType = archive.ar; name = libcv.a; path = opencv_device/lib/libcv.a; sourceTree = "<group>"; };
		6400D3EB123B2DBF0079EB6B /* libcxcore.a */ = {isa = PBXFileReference; lastKnownFileType = archive.ar; name = libcxcore.a; path = opencv_device/lib/libcxcore.a; sourceTree = "<group>"; };
		6400D3EC123B2DBF0079EB6B /* libopencv_lapack.a */ = {isa = PBXFileReference; lastKnownFileType = archive.ar; name = libopencv_lapack.a; path = opencv_device/lib/libopencv_lapack.a; sourceTree = "<group>"; };
		6400D3F5123B2FDD0079EB6B /* haarcascade_frontalface_default.xml */ = {isa = PBXFileReference; fileEncoding = 4; lastKnownFileType = text.xml; name = haarcascade_frontalface_default.xml; path = haarcascades/haarcascade_frontalface_default.xml; sourceTree = "<group>"; };
		6400D43E123B38AA0079EB6B /* haarcascade_frontalface_alt_tree.xml */ = {isa = PBXFileReference; fileEncoding = 4; lastKnownFileType = text.xml; name = haarcascade_frontalface_alt_tree.xml; path = haarcascades/haarcascade_frontalface_alt_tree.xml; sourceTree = "<group>"; };
		6400D43F123B38AA0079EB6B /* haarcascade_frontalface_alt.xml */ = {isa = PBXFileReference; fileEncoding = 4; lastKnownFileType = text.xml; name = haarcascade_frontalface_alt.xml; path = haarcascades/haarcascade_frontalface_alt.xml; sourceTree = "<group>"; };
		6400D440123B38AA0079EB6B /* haarcascade_frontalface_alt2.xml */ = {isa = PBXFileReference; fileEncoding = 4; lastKnownFileType = text.xml; name = haarcascade_frontalface_alt2.xml; path = haarcascades/haarcascade_frontalface_alt2.xml; sourceTree = "<group>"; };
		6400D4AB123B41E10079EB6B /* QuartzCore.framework */ = {isa = PBXFileReference; lastKnownFileType = wrapper.framework; name = QuartzCore.framework; path = System/Library/Frameworks/QuartzCore.framework; sourceTree = SDKROOT; };
		6400D4B1123B41F40079EB6B /* CoreGraphics.framework */ = {isa = PBXFileReference; lastKnownFileType = wrapper.framework; name = CoreGraphics.framework; path = System/Library/Frameworks/CoreGraphics.framework; sourceTree = SDKROOT; };
		8D1107310486CEB800E47090 /* iPhoneDriver-Info.plist */ = {isa = PBXFileReference; fileEncoding = 4; lastKnownFileType = text.plist.xml; path = "iPhoneDriver-Info.plist"; plistStructureDefinitionIdentifier = "com.apple.xcode.plist.structure-definition.iphone.info-plist"; sourceTree = "<group>"; };
/* End PBXFileReference section */

/* Begin PBXFrameworksBuildPhase section */
		1D60588F0D05DD3D006BFB54 /* Frameworks */ = {
			isa = PBXFrameworksBuildPhase;
			buildActionMask = 2147483647;
			files = (
				1D60589F0D05DD5A006BFB54 /* Foundation.framework in Frameworks */,
				1DF5F4E00D08C38300B7A737 /* UIKit.framework in Frameworks */,
				6400D31A123B20A20079EB6B /* AVFoundation.framework in Frameworks */,
				6400D34F123B22300079EB6B /* CoreVideo.framework in Frameworks */,
				6400D355123B223C0079EB6B /* CoreMedia.framework in Frameworks */,
				6400D3EA123B2DB00079EB6B /* libcv.a in Frameworks */,
				6400D3ED123B2DBF0079EB6B /* libcxcore.a in Frameworks */,
				6400D3EE123B2DBF0079EB6B /* libopencv_lapack.a in Frameworks */,
				6400D4AC123B41E10079EB6B /* QuartzCore.framework in Frameworks */,
				6400D4B2123B41F40079EB6B /* CoreGraphics.framework in Frameworks */,
			);
			runOnlyForDeploymentPostprocessing = 0;
		};
/* End PBXFrameworksBuildPhase section */

/* Begin PBXGroup section */
		080E96DDFE201D6D7F000001 /* Classes */ = {
			isa = PBXGroup;
			children = (
				1D3623240D0F684500981E51 /* iPhoneDriverAppDelegate.h */,
				1D3623250D0F684500981E51 /* iPhoneDriverAppDelegate.m */,
				28D7ACF60DDB3853001CB0EB /* iPhoneDriverViewController.h */,
				28D7ACF70DDB3853001CB0EB /* iPhoneDriverViewController.m */,
				2899E5210DE3E06400AC0155 /* iPhoneDriverViewController.xib */,
			);
			path = Classes;
			sourceTree = "<group>";
		};
		19C28FACFE9D520D11CA2CBB /* Products */ = {
			isa = PBXGroup;
			children = (
				1D6058910D05DD3D006BFB54 /* iPhoneDriver.app */,
			);
			name = Products;
			sourceTree = "<group>";
		};
		29B97314FDCFA39411CA2CEA /* CustomTemplate */ = {
			isa = PBXGroup;
			children = (
				080E96DDFE201D6D7F000001 /* Classes */,
				29B97315FDCFA39411CA2CEA /* Other Sources */,
				29B97317FDCFA39411CA2CEA /* Resources */,
				29B97323FDCFA39411CA2CEA /* Frameworks */,
				6400D3E8123B2D7C0079EB6B /* Libraries */,
				19C28FACFE9D520D11CA2CBB /* Products */,
			);
			name = CustomTemplate;
			sourceTree = "<group>";
		};
		29B97315FDCFA39411CA2CEA /* Other Sources */ = {
			isa = PBXGroup;
			children = (
				32CA4F630368D1EE00C91783 /* iPhoneDriver_Prefix.pch */,
				29B97316FDCFA39411CA2CEA /* main.m */,
			);
			name = "Other Sources";
			sourceTree = "<group>";
		};
		29B97317FDCFA39411CA2CEA /* Resources */ = {
			isa = PBXGroup;
			children = (
				28AD733E0D9D9553002E5188 /* MainWindow.xib */,
				8D1107310486CEB800E47090 /* iPhoneDriver-Info.plist */,
				6400D3F5123B2FDD0079EB6B /* haarcascade_frontalface_default.xml */,
				6400D43E123B38AA0079EB6B /* haarcascade_frontalface_alt_tree.xml */,
				6400D43F123B38AA0079EB6B /* haarcascade_frontalface_alt.xml */,
				6400D440123B38AA0079EB6B /* haarcascade_frontalface_alt2.xml */,
			);
			name = Resources;
			sourceTree = "<group>";
		};
		29B97323FDCFA39411CA2CEA /* Frameworks */ = {
			isa = PBXGroup;
			children = (
				6400D319123B20A20079EB6B /* AVFoundation.framework */,
				1DF5F4DF0D08C38300B7A737 /* UIKit.framework */,
				1D30AB110D05D00D00671497 /* Foundation.framework */,
				6400D34E123B22300079EB6B /* CoreVideo.framework */,
				6400D354123B223C0079EB6B /* CoreMedia.framework */,
				6400D4AB123B41E10079EB6B /* QuartzCore.framework */,
				6400D4B1123B41F40079EB6B /* CoreGraphics.framework */,
			);
			name = Frameworks;
			sourceTree = "<group>";
		};
		6400D3E8123B2D7C0079EB6B /* Libraries */ = {
			isa = PBXGroup;
			children = (
				6400D3EB123B2DBF0079EB6B /* libcxcore.a */,
				6400D3EC123B2DBF0079EB6B /* libopencv_lapack.a */,
				6400D3E9123B2DAF0079EB6B /* libcv.a */,
			);
			name = Libraries;
			sourceTree = "<group>";
		};
/* End PBXGroup section */

/* Begin PBXNativeTarget section */
		1D6058900D05DD3D006BFB54 /* iPhoneDriver */ = {
			isa = PBXNativeTarget;
			buildConfigurationList = 1D6058960D05DD3E006BFB54 /* Build configuration list for PBXNativeTarget "iPhoneDriver" */;
			buildPhases = (
				1D60588D0D05DD3D006BFB54 /* Resources */,
				1D60588E0D05DD3D006BFB54 /* Sources */,
				1D60588F0D05DD3D006BFB54 /* Frameworks */,
			);
			buildRules = (
			);
			dependencies = (
			);
			name = iPhoneDriver;
			productName = iPhoneDriver;
			productReference = 1D6058910D05DD3D006BFB54 /* iPhoneDriver.app */;
			productType = "com.apple.product-type.application";
		};
/* End PBXNativeTarget section */

/* Begin PBXProject section */
		29B97313FDCFA39411CA2CEA /* Project object */ = {
			isa = PBXProject;
			buildConfigurationList = C01FCF4E08A954540054247B /* Build configuration list for PBXProject "iPhoneDriver" */;
			compatibilityVersion = "Xcode 3.1";
			developmentRegion = English;
			hasScannedForEncodings = 1;
			knownRegions = (
				English,
				Japanese,
				French,
				German,
			);
			mainGroup = 29B97314FDCFA39411CA2CEA /* CustomTemplate */;
			projectDirPath = "";
			projectRoot = "";
			targets = (
				1D6058900D05DD3D006BFB54 /* iPhoneDriver */,
			);
		};
/* End PBXProject section */

/* Begin PBXResourcesBuildPhase section */
		1D60588D0D05DD3D006BFB54 /* Resources */ = {
			isa = PBXResourcesBuildPhase;
			buildActionMask = 2147483647;
			files = (
				28AD733F0D9D9553002E5188 /* MainWindow.xib in Resources */,
				2899E5220DE3E06400AC0155 /* iPhoneDriverViewController.xib in Resources */,
				6400D3F6123B2FDD0079EB6B /* haarcascade_frontalface_default.xml in Resources */,
				6400D441123B38AA0079EB6B /* haarcascade_frontalface_alt_tree.xml in Resources */,
				6400D442123B38AA0079EB6B /* haarcascade_frontalface_alt.xml in Resources */,
				6400D443123B38AA0079EB6B /* haarcascade_frontalface_alt2.xml in Resources */,
			);
			runOnlyForDeploymentPostprocessing = 0;
		};
/* End PBXResourcesBuildPhase section */

/* Begin PBXSourcesBuildPhase section */
		1D60588E0D05DD3D006BFB54 /* Sources */ = {
			isa = PBXSourcesBuildPhase;
			buildActionMask = 2147483647;
			files = (
				1D60589B0D05DD56006BFB54 /* main.m in Sources */,
				1D3623260D0F684500981E51 /* iPhoneDriverAppDelegate.m in Sources */,
				28D7ACF80DDB3853001CB0EB /* iPhoneDriverViewController.m in Sources */,
			);
			runOnlyForDeploymentPostprocessing = 0;
		};
/* End PBXSourcesBuildPhase section */

/* Begin XCBuildConfiguration section */
		1D6058940D05DD3E006BFB54 /* Debug */ = {
			isa = XCBuildConfiguration;
			buildSettings = {
				ALWAYS_SEARCH_USER_PATHS = NO;
				COPY_PHASE_STRIP = NO;
				GCC_DYNAMIC_NO_PIC = NO;
				GCC_OPTIMIZATION_LEVEL = 0;
				GCC_PRECOMPILE_PREFIX_HEADER = YES;
				GCC_PREFIX_HEADER = iPhoneDriver_Prefix.pch;
				"HEADER_SEARCH_PATHS[sdk=iphoneos*][arch=*]" = "$(SRCROOT)/opencv_device/include";
				"HEADER_SEARCH_PATHS[sdk=iphonesimulator*][arch=*]" = "$(SRCROOT)/opencv_simulator/include";
				INFOPLIST_FILE = "iPhoneDriver-Info.plist";
				LIBRARY_SEARCH_PATHS = (
					"$(inherited)",
					"\"$(SRCROOT)/opencv_device/lib\"",
				);
				"LIBRARY_SEARCH_PATHS[sdk=iphoneos*][arch=*]" = (
					"$(inherited)",
					"\"$(SRCROOT)/opencv_device/lib\"",
				);
				"LIBRARY_SEARCH_PATHS[sdk=iphonesimulator*][arch=*]" = (
					"$(inherited)",
					"\"$(SRCROOT)/opencv_simulator/lib\"",
				);
				OTHER_LDFLAGS = (
					"-lstdc++",
					"-lz",
				);
				PRODUCT_NAME = iPhoneDriver;
			};
			name = Debug;
		};
		1D6058950D05DD3E006BFB54 /* Release */ = {
			isa = XCBuildConfiguration;
			buildSettings = {
				ALWAYS_SEARCH_USER_PATHS = NO;
				COPY_PHASE_STRIP = YES;
				GCC_PRECOMPILE_PREFIX_HEADER = YES;
				GCC_PREFIX_HEADER = iPhoneDriver_Prefix.pch;
				HEADER_SEARCH_PATHS = "";
				"HEADER_SEARCH_PATHS[sdk=iphoneos*][arch=*]" = "$(SRCROOT)/opencv_device/include";
				"HEADER_SEARCH_PATHS[sdk=iphonesimulator*][arch=*]" = "$(SRCROOT)/opencv_simulator/include";
				INFOPLIST_FILE = "iPhoneDriver-Info.plist";
				LIBRARY_SEARCH_PATHS = (
					"$(inherited)",
					"\"$(SRCROOT)/opencv_device/lib\"",
				);
				"LIBRARY_SEARCH_PATHS[sdk=iphoneos*][arch=*]" = (
					"$(inherited)",
					"\"$(SRCROOT)/opencv_device/lib\"",
				);
				"LIBRARY_SEARCH_PATHS[sdk=iphonesimulator*][arch=*]" = (
					"$(inherited)",
					"\"$(SRCROOT)/opencv_simulator/lib\"",
				);
				OTHER_LDFLAGS = (
					"-lstdc++",
					"-lz",
				);
				PRODUCT_NAME = iPhoneDriver;
				VALIDATE_PRODUCT = YES;
			};
			name = Release;
		};
		C01FCF4F08A954540054247B /* Debug */ = {
			isa = XCBuildConfiguration;
			buildSettings = {
				ARCHS = "$(ARCHS_STANDARD_32_BIT)";
				"CODE_SIGN_IDENTITY[sdk=iphoneos*]" = "iPhone Developer";
				GCC_C_LANGUAGE_STANDARD = c99;
				GCC_WARN_ABOUT_RETURN_TYPE = YES;
				GCC_WARN_UNUSED_VARIABLE = YES;
				PREBINDING = NO;
				SDKROOT = iphoneos4.1;
			};
			name = Debug;
		};
		C01FCF5008A954540054247B /* Release */ = {
			isa = XCBuildConfiguration;
			buildSettings = {
				ARCHS = "$(ARCHS_STANDARD_32_BIT)";
				"CODE_SIGN_IDENTITY[sdk=iphoneos*]" = "iPhone Developer";
				GCC_C_LANGUAGE_STANDARD = c99;
				GCC_WARN_ABOUT_RETURN_TYPE = YES;
				GCC_WARN_UNUSED_VARIABLE = YES;
				OTHER_CFLAGS = "-DNS_BLOCK_ASSERTIONS=1";
				PREBINDING = NO;
				SDKROOT = iphoneos4.1;
			};
			name = Release;
		};
/* End XCBuildConfiguration section */

/* Begin XCConfigurationList section */
		1D6058960D05DD3E006BFB54 /* Build configuration list for PBXNativeTarget "iPhoneDriver" */ = {
			isa = XCConfigurationList;
			buildConfigurations = (
				1D6058940D05DD3E006BFB54 /* Debug */,
				1D6058950D05DD3E006BFB54 /* Release */,
			);
			defaultConfigurationIsVisible = 0;
			defaultConfigurationName = Release;
		};
		C01FCF4E08A954540054247B /* Build configuration list for PBXProject "iPhoneDriver" */ = {
			isa = XCConfigurationList;
			buildConfigurations = (
				C01FCF4F08A954540054247B /* Debug */,
				C01FCF5008A954540054247B /* Release */,
			);
			defaultConfigurationIsVisible = 0;
			defaultConfigurationName = Release;
		};
/* End XCConfigurationList section */
	};
	rootObject = 29B97313FDCFA39411CA2CEA /* Project object */;
}
